
Microsoft Visual Studio Solution File, Format Version 12.00
# Visual Studio Version 16
VisualStudioVersion = 16.0.30413.136
MinimumVisualStudioVersion = 10.0.40219.1
Project("{FAE04EC0-301F-11D3-BF4B-00C04F79EFBC}") = "ConsoleInput", "ConsoleInput.csproj", "{74604290-9F66-4AEB-9EDB-3AD1EBC20DF0}"
EndProject
Project("{FAE04EC0-301F-11D3-BF4B-00C04F79EFBC}") = "PaintDotNet", "..\ConsoleAppTest\PaintDotNet.csproj", "{54AE4F9E-B1CD-4188-A681-A4511C911372}"
EndProject
Global
	GlobalSection(SolutionConfigurationPlatforms) = preSolution
		Debug|Any CPU = Debug|Any CPU
		Release|Any CPU = Release|Any CPU
	EndGlobalSection
	GlobalSection(ProjectConfigurationPlatforms) = postSolution
		{74604290-9F66-4AEB-9EDB-3AD1EBC20DF0}.Debug|Any CPU.ActiveCfg = Debug|Any CPU
		{74604290-9F66-4AEB-9EDB-3AD1EBC20DF0}.Debug|Any CPU.Build.0 = Debug|Any CPU
		{74604290-9F66-4AEB-9EDB-3AD1EBC20DF0}.Release|Any CPU.ActiveCfg = Release|Any CPU
		{74604290-9F66-4AEB-9EDB-3AD1EBC20DF0}.Release|Any CPU.Build.0 = Release|Any CPU
		{54AE4F9E-B1CD-4188-A681-A4511C911372}.Debug|Any CPU.ActiveCfg = Debug|Any CPU
		{54AE4F9E-B1CD-4188-A681-A4511C911372}.Debug|Any CPU.Build.0 = Debug|Any CPU
		{54AE4F9E-B1CD-4188-A681-A4511C911372}.Release|Any CPU.ActiveCfg = Release|Any CPU
		{54AE4F9E-B1CD-4188-A681-A4511C911372}.Release|Any CPU.Build.0 = Release|Any CPU
	EndGlobalSection
	GlobalSection(SolutionProperties) = preSolution
		HideSolutionNode = FALSE
	EndGlobalSection
	GlobalSection(ExtensibilityGlobals) = postSolution
		SolutionGuid = {AA2D7A4A-8408-44D7-899D-3F30225BB333}
	EndGlobalSection
EndGlobal
